PODS:
  - AFNetworking (1.2.1)
  - Appirater (1.0.3)
  - CountryPicker (1.0.2)
  - Dropbox-iOS-SDK (1.3.4)
  - ECSlidingViewController (0.10.0)
  - Facebook-iOS-SDK (3.2.1)
  - FormatterKit (1.1.2):
    - FormatterKit/AddressFormatter
    - FormatterKit/ArrayFormatter
    - FormatterKit/LocationFormatter
    - FormatterKit/OrdinalNumberFormatter
    - FormatterKit/TimeIntervalFormatter
    - FormatterKit/UnitOfInformationFormatter
    - FormatterKit/URLRequestFormatter
  - FormatterKit/AddressFormatter (1.1.2)
  - FormatterKit/ArrayFormatter (1.1.2)
  - FormatterKit/LocationFormatter (1.1.2)
  - FormatterKit/OrdinalNumberFormatter (1.1.2)
  - FormatterKit/TimeIntervalFormatter (1.1.2)
  - FormatterKit/UnitOfInformationFormatter (1.1.2)
  - FormatterKit/URLRequestFormatter (1.1.2)
  - HockeySDK (3.0.0)
  - PSAlertView (1.1)
  - Reachability (3.1.0)
  - SVProgressHUD (0.9)

DEPENDENCIES:
  - AFNetworking (~> 1.2.0)
  - Appirater (~> 1.0.1)
  - CountryPicker (~> 1.0.1)
  - Dropbox-iOS-SDK (~> 1.3.4)
  - ECSlidingViewController (~> 0.10.0)
  - Facebook-iOS-SDK (~> 3.2.1)
  - FormatterKit (~> 1.1.1)
  - HockeySDK (~> 3.0.0)
  - PSAlertView (~> 1.1)
  - Reachability (~> 3.1.0)
  - SVProgressHUD (~> 0.9)

SPEC CHECKSUMS:
  AFNetworking: a44069e3c9c89867544f6639482f155c7e5f9b41
  Appirater: 1c146af7b0ef3e2114a17db2e185f94367f63a99
  CountryPicker: 4329dc98e8644e60655710ca8b412ffcd410847e
  Dropbox-iOS-SDK: 0531d0061c45b662f1748a1cbe59e2f358bdcaba
  ECSlidingViewController: fc9a9a6564d4a64c0d8c7cf5583d2b9a469ecd04
  Facebook-iOS-SDK: 514dc0d7d43358999267c88c088e4b5b339b7da1
  FormatterKit: bb53f3de30773e6b06f91dee1f82b46f536278d7
  HockeySDK: 286d86c6e89a35de7f3e4f3c2879a07185ee0918
  PSAlertView: bdccae3cbd14f6060772654ae641daec7415d9fa
  Reachability: ba94ecd4eaa037be3d0588b38956672588530c5b
  SVProgressHUD: 03d4845ec8e64591726428a08236c6a5489d45f8

COCOAPODS: 0.18.1
